
Microsoft Visual Studio Solution File, Format Version 12.00
# Visual Studio 14
VisualStudioVersion = 14.0.25420.1
MinimumVisualStudioVersion = 10.0.40219.1
Project("{2150E333-8FDC-42A3-9474-1A3956D46DE8}") = ".paket", ".paket", "{A5942954-74D2-429F-80D1-B4D54EB0967F}"
	ProjectSection(SolutionItems) = preProject
		paket.dependencies = paket.dependencies
	EndProjectSection
EndProject
Project("{2150E333-8FDC-42A3-9474-1A3956D46DE8}") = "Solution Items", "Solution Items", "{CC4BD4C5-FCBF-4E3C-9F44-1919AEC069CE}"
	ProjectSection(SolutionItems) = preProject
		README.md = README.md
		tddstud10.snk = tddstud10.snk
	EndProjectSection
EndProject
Project("{FAE04EC0-301F-11D3-BF4B-00C04F79EFBC}") = "CommonUI", "CommonUI\CommonUI.csproj", "{C578A684-2FFF-4100-8620-C1220D05EA3E}"
EndProject
Project("{F2A71F9B-5D33-465A-A702-920D77279786}") = "Logger.Windows", "Logger.Windows\Logger.Windows.fsproj", "{E5FB2293-2944-4C4C-800E-A31AC891A931}"
EndProject
Project("{FAE04EC0-301F-11D3-BF4B-00C04F79EFBC}") = "RealTimeEtwListener", "RealTimeEtwListener\RealTimeEtwListener.csproj", "{9C043026-4D34-4B8C-A7B2-3BA39ECDFF22}"
EndProject
Project("{FAE04EC0-301F-11D3-BF4B-00C04F79EFBC}") = "TddStud10App", "TddStud10App\TddStud10App.csproj", "{499B5F21-4AA4-47C2-82F0-1631CAE7DA78}"
EndProject
Project("{FAE04EC0-301F-11D3-BF4B-00C04F79EFBC}") = "TddStudioPackage", "TddStudioPackage\TddStudioPackage.csproj", "{99F961A3-47A3-4C13-B206-B2437D8F199A}"
EndProject
Project("{F2A71F9B-5D33-465A-A702-920D77279786}") = "TddStudioPackage.Core", "TddStudioPackage.Core\TddStudioPackage.Core.fsproj", "{0055B0CC-39BA-4DEA-AD3E-231CFFE4ED58}"
EndProject
Project("{F2A71F9B-5D33-465A-A702-920D77279786}") = "TddStudioPackage.Core.UnitTests", "TddStudioPackage.Core.UnitTests\TddStudioPackage.Core.UnitTests.fsproj", "{D59B062A-DD0D-4BE3-8ADD-4D108473A2FF}"
EndProject
Global
	GlobalSection(SolutionConfigurationPlatforms) = preSolution
		Debug|Any CPU = Debug|Any CPU
		Release|Any CPU = Release|Any CPU
	EndGlobalSection
	GlobalSection(ProjectConfigurationPlatforms) = postSolution
		{C578A684-2FFF-4100-8620-C1220D05EA3E}.Debug|Any CPU.ActiveCfg = Debug|Any CPU
		{C578A684-2FFF-4100-8620-C1220D05EA3E}.Debug|Any CPU.Build.0 = Debug|Any CPU
		{C578A684-2FFF-4100-8620-C1220D05EA3E}.Release|Any CPU.ActiveCfg = Release|Any CPU
		{C578A684-2FFF-4100-8620-C1220D05EA3E}.Release|Any CPU.Build.0 = Release|Any CPU
		{E5FB2293-2944-4C4C-800E-A31AC891A931}.Debug|Any CPU.ActiveCfg = Debug|Any CPU
		{E5FB2293-2944-4C4C-800E-A31AC891A931}.Debug|Any CPU.Build.0 = Debug|Any CPU
		{E5FB2293-2944-4C4C-800E-A31AC891A931}.Release|Any CPU.ActiveCfg = Release|Any CPU
		{E5FB2293-2944-4C4C-800E-A31AC891A931}.Release|Any CPU.Build.0 = Release|Any CPU
		{9C043026-4D34-4B8C-A7B2-3BA39ECDFF22}.Debug|Any CPU.ActiveCfg = Debug|Any CPU
		{9C043026-4D34-4B8C-A7B2-3BA39ECDFF22}.Debug|Any CPU.Build.0 = Debug|Any CPU
		{9C043026-4D34-4B8C-A7B2-3BA39ECDFF22}.Release|Any CPU.ActiveCfg = Release|Any CPU
		{9C043026-4D34-4B8C-A7B2-3BA39ECDFF22}.Release|Any CPU.Build.0 = Release|Any CPU
		{499B5F21-4AA4-47C2-82F0-1631CAE7DA78}.Debug|Any CPU.ActiveCfg = Debug|Any CPU
		{499B5F21-4AA4-47C2-82F0-1631CAE7DA78}.Debug|Any CPU.Build.0 = Debug|Any CPU
		{499B5F21-4AA4-47C2-82F0-1631CAE7DA78}.Release|Any CPU.ActiveCfg = Release|Any CPU
		{499B5F21-4AA4-47C2-82F0-1631CAE7DA78}.Release|Any CPU.Build.0 = Release|Any CPU
		{99F961A3-47A3-4C13-B206-B2437D8F199A}.Debug|Any CPU.ActiveCfg = Debug|Any CPU
		{99F961A3-47A3-4C13-B206-B2437D8F199A}.Debug|Any CPU.Build.0 = Debug|Any CPU
		{99F961A3-47A3-4C13-B206-B2437D8F199A}.Release|Any CPU.ActiveCfg = Release|Any CPU
		{99F961A3-47A3-4C13-B206-B2437D8F199A}.Release|Any CPU.Build.0 = Release|Any CPU
		{0055B0CC-39BA-4DEA-AD3E-231CFFE4ED58}.Debug|Any CPU.ActiveCfg = Debug|Any CPU
		{0055B0CC-39BA-4DEA-AD3E-231CFFE4ED58}.Debug|Any CPU.Build.0 = Debug|Any CPU
		{0055B0CC-39BA-4DEA-AD3E-231CFFE4ED58}.Release|Any CPU.ActiveCfg = Release|Any CPU
		{0055B0CC-39BA-4DEA-AD3E-231CFFE4ED58}.Release|Any CPU.Build.0 = Release|Any CPU
		{D59B062A-DD0D-4BE3-8ADD-4D108473A2FF}.Debug|Any CPU.ActiveCfg = Debug|Any CPU
		{D59B062A-DD0D-4BE3-8ADD-4D108473A2FF}.Debug|Any CPU.Build.0 = Debug|Any CPU
		{D59B062A-DD0D-4BE3-8ADD-4D108473A2FF}.Release|Any CPU.ActiveCfg = Release|Any CPU
		{D59B062A-DD0D-4BE3-8ADD-4D108473A2FF}.Release|Any CPU.Build.0 = Release|Any CPU
	EndGlobalSection
	GlobalSection(SolutionProperties) = preSolution
		HideSolutionNode = FALSE
	EndGlobalSection
EndGlobal
